{
  "name": "revenge-codegraph-bridge",
  "version": "1.0.0",
  "lockfileVersion": 3,
  "requires": true,
  "packages": {
    "": {
      "name": "revenge-codegraph-bridge",
      "version": "1.0.0",
      "dependencies": {
        "@colbymchenry/codegraph": "1.4.1",
        "commander": "^14.0.2",
        "node-sqlite3-wasm": "^0.8.30",
        "picomatch": "^4.0.3",
        "tree-sitter-wasms": "^0.1.11",
        "web-tree-sitter": "^0.25.3"
      }
    },
    "node_modules/@colbymchenry/codegraph": {
      "version": "1.4.1",
      "resolved": "https://registry.npmjs.org/@colbymchenry/codegraph/-/codegraph-1.4.1.tgz",
      "integrity": "sha512-xZayboJt6T3QBzBsBsI0eJ3J/tN4vYs6LMuvrxJVdM71yQFjrFKFeV3KsbicAgkj6AHnTXxUNk26g9BYwkNMgg==",
      "license": "MIT",
      "bin": {
        "codegraph": "npm-shim.js"
      },
      "optionalDependencies": {
        "@colbymchenry/codegraph-darwin-arm64": "1.4.1",
        "@colbymchenry/codegraph-darwin-x64": "1.4.1",
        "@colbymchenry/codegraph-linux-arm64": "1.4.1",
        "@colbymchenry/codegraph-linux-x64": "1.4.1",
        "@colbymchenry/codegraph-win32-arm64": "1.4.1",
        "@colbymchenry/codegraph-win32-x64": "1.4.1"
      }
    },
    "node_modules/@colbymchenry/codegraph-darwin-arm64": {
      "version": "1.4.1",
      "resolved": "https://registry.npmjs.org/@colbymchenry/codegraph-darwin-arm64/-/codegraph-darwin-arm64-1.4.1.tgz",
      "integrity": "sha512-USSpExjuxZWN0OeNexZp2V5fCfOI4ZekqE79CJiBdGdPbqGTB+857ImIqzWGyF/rAyyED94Wc0Cd82t+uWD30w==",
      "cpu": [
        "arm64"
      ],
      "license": "MIT",
      "optional": true,
      "os": [
        "darwin"
      ]
    },
    "node_modules/@colbymchenry/codegraph-darwin-x64": {
      "version": "1.4.1",
      "resolved": "https://registry.npmjs.org/@colbymchenry/codegraph-darwin-x64/-/codegraph-darwin-x64-1.4.1.tgz",
      "integrity": "sha512-syLC7QPsNui2hPrK58El0XQrjjdSYhsoKS5i26ieD8DVrb0adzFQrBRP8qId/wfGp078xdC54rdKvqgmbIL1WQ==",
      "cpu": [
        "x64"
      ],
      "license": "MIT",
      "optional": true,
      "os": [
        "darwin"
      ]
    },
    "node_modules/@colbymchenry/codegraph-linux-arm64": {
      "version": "1.4.1",
      "resolved": "https://registry.npmjs.org/@colbymchenry/codegraph-linux-arm64/-/codegraph-linux-arm64-1.4.1.tgz",
      "integrity": "sha512-XC6GJ9/fTicW9CE3k2fOcUOcbtDU8mS53t+PUfzq3Py9+JiX3PtJgtBB8bmf6e45NZUF5foaLUwFXfxTTl961g==",
      "cpu": [
        "arm64"
      ],
      "license": "MIT",
      "optional": true,
      "os": [
        "linux"
      ]
    },
    "node_modules/@colbymchenry/codegraph-linux-x64": {
      "version": "1.4.1",
      "resolved": "https://registry.npmjs.org/@colbymchenry/codegraph-linux-x64/-/codegraph-linux-x64-1.4.1.tgz",
      "integrity": "sha512-bjfa+0IyjbxpZz7ghznN4qMPoYVSiZafeZu/rXGdg3VI+kEPOPZrk2vmtWIU9tBPGVJbeU2Kwa/0Z2DkUGOJ9A==",
      "cpu": [
        "x64"
      ],
      "license": "MIT",
      "optional": true,
      "os": [
        "linux"
      ]
    },
    "node_modules/@colbymchenry/codegraph-win32-arm64": {
      "version": "1.4.1",
      "resolved": "https://registry.npmjs.org/@colbymchenry/codegraph-win32-arm64/-/codegraph-win32-arm64-1.4.1.tgz",
      "integrity": "sha512-mb5bFDhwcP49U0P2IBRhH1O5ZmnlgE8lIXTlg2dqpfLeL+XfxzyeJ+i4I0KU0h1hlNWP/u3d2k+1EGem2swDBw==",
      "cpu": [
        "arm64"
      ],
      "license": "MIT",
      "optional": true,
      "os": [
        "win32"
      ]
    },
    "node_modules/@colbymchenry/codegraph-win32-x64": {
      "version": "1.4.1",
      "resolved": "https://registry.npmjs.org/@colbymchenry/codegraph-win32-x64/-/codegraph-win32-x64-1.4.1.tgz",
      "integrity": "sha512-ipN6WvTKa0cSXIL6DTdACq57WnNYTjVq2wtC5uPT8F22o6Ucbcu3/w3OzKkkfwP4mkXv2cDMbuvExbnYNULyuw==",
      "cpu": [
        "x64"
      ],
      "license": "MIT",
      "optional": true,
      "os": [
        "win32"
      ]
    },
    "node_modules/commander": {
      "version": "14.0.3",
      "resolved": "https://registry.npmjs.org/commander/-/commander-14.0.3.tgz",
      "integrity": "sha512-H+y0Jo/T1RZ9qPP4Eh1pkcQcLRglraJaSLoyOtHxu6AapkjWVCy2Sit1QQ4x3Dng8qDlSsZEet7g5Pq06MvTgw==",
      "license": "MIT",
      "engines": {
        "node": ">=20"
      }
    },
    "node_modules/node-sqlite3-wasm": {
      "version": "0.8.56",
      "resolved": "https://registry.npmjs.org/node-sqlite3-wasm/-/node-sqlite3-wasm-0.8.56.tgz",
      "integrity": "sha512-piu6QQNAm8cg6IK8vuI4zdMwlMjhay6Xb5gg3gc5pIMY8w75ZqXOtZKMy74tp8w4rhykyC/3s8fElWhWLntRtQ==",
      "license": "MIT"
    },
    "node_modules/picomatch": {
      "version": "4.0.4",
      "resolved": "https://registry.npmjs.org/picomatch/-/picomatch-4.0.4.tgz",
      "integrity": "sha512-QP88BAKvMam/3NxH6vj2o21R6MjxZUAd6nlwAS/pnGvN9IVLocLHxGYIzFhg6fUQ+5th6P4dv4eW9jX3DSIj7A==",
      "license": "MIT",
      "engines": {
        "node": ">=12"
      },
      "funding": {
        "url": "https://github.com/sponsors/jonschlinkert"
      }
    },
    "node_modules/tree-sitter-wasms": {
      "version": "0.1.13",
      "resolved": "https://registry.npmjs.org/tree-sitter-wasms/-/tree-sitter-wasms-0.1.13.tgz",
      "integrity": "sha512-wT+cR6DwaIz80/vho3AvSF0N4txuNx/5bcRKoXouOfClpxh/qqrF4URNLQXbbt8MaAxeksZcZd1j8gcGjc+QxQ==",
      "license": "Unlicense",
      "dependencies": {
        "tree-sitter-wasms": "^0.1.11"
      }
    },
    "node_modules/web-tree-sitter": {
      "version": "0.25.10",
      "resolved": "https://registry.npmjs.org/web-tree-sitter/-/web-tree-sitter-0.25.10.tgz",
      "integrity": "sha512-Y09sF44/13XvgVKgO2cNDw5rGk6s26MgoZPXLESvMXeefBf7i6/73eFurre0IsTW6E14Y0ArIzhUMmjoc7xyzA==",
      "license": "MIT",
      "peerDependencies": {
        "@types/emscripten": "^1.40.0"
      },
      "peerDependenciesMeta": {
        "@types/emscripten": {
          "optional": true
        }
      }
    }
  }
}
