{
  "name": "revenge-codegraph-bridge",
  "version": "1.0.0",
  "lockfileVersion": 3,
  "requires": true,
  "packages": {
    "": {
      "name": "revenge-codegraph-bridge",
      "version": "1.0.0",
      "dependencies": {
        "commander": "^14.0.2",
        "node-sqlite3-wasm": "^0.8.30",
        "picomatch": "^4.0.3",
        "tree-sitter-wasms": "^0.1.11",
        "web-tree-sitter": "^0.25.3"
      }
    },
    "node_modules/commander": {
      "version": "14.0.3",
      "resolved": "https://registry.npmjs.org/commander/-/commander-14.0.3.tgz",
      "integrity": "sha512-H+y0Jo/T1RZ9qPP4Eh1pkcQcLRglraJaSLoyOtHxu6AapkjWVCy2Sit1QQ4x3Dng8qDlSsZEet7g5Pq06MvTgw==",
      "license": "MIT",
      "engines": {
        "node": ">=20"
      }
    },
    "node_modules/node-sqlite3-wasm": {
      "version": "0.8.56",
      "resolved": "https://registry.npmjs.org/node-sqlite3-wasm/-/node-sqlite3-wasm-0.8.56.tgz",
      "integrity": "sha512-piu6QQNAm8cg6IK8vuI4zdMwlMjhay6Xb5gg3gc5pIMY8w75ZqXOtZKMy74tp8w4rhykyC/3s8fElWhWLntRtQ==",
      "license": "MIT"
    },
    "node_modules/picomatch": {
      "version": "4.0.4",
      "resolved": "https://registry.npmjs.org/picomatch/-/picomatch-4.0.4.tgz",
      "integrity": "sha512-QP88BAKvMam/3NxH6vj2o21R6MjxZUAd6nlwAS/pnGvN9IVLocLHxGYIzFhg6fUQ+5th6P4dv4eW9jX3DSIj7A==",
      "license": "MIT",
      "engines": {
        "node": ">=12"
      },
      "funding": {
        "url": "https://github.com/sponsors/jonschlinkert"
      }
    },
    "node_modules/tree-sitter-wasms": {
      "version": "0.1.13",
      "resolved": "https://registry.npmjs.org/tree-sitter-wasms/-/tree-sitter-wasms-0.1.13.tgz",
      "integrity": "sha512-wT+cR6DwaIz80/vho3AvSF0N4txuNx/5bcRKoXouOfClpxh/qqrF4URNLQXbbt8MaAxeksZcZd1j8gcGjc+QxQ==",
      "license": "Unlicense",
      "dependencies": {
        "tree-sitter-wasms": "^0.1.11"
      }
    },
    "node_modules/web-tree-sitter": {
      "version": "0.25.10",
      "resolved": "https://registry.npmjs.org/web-tree-sitter/-/web-tree-sitter-0.25.10.tgz",
      "integrity": "sha512-Y09sF44/13XvgVKgO2cNDw5rGk6s26MgoZPXLESvMXeefBf7i6/73eFurre0IsTW6E14Y0ArIzhUMmjoc7xyzA==",
      "license": "MIT",
      "peerDependencies": {
        "@types/emscripten": "^1.40.0"
      },
      "peerDependenciesMeta": {
        "@types/emscripten": {
          "optional": true
        }
      }
    }
  }
}
